
Microsoft Visual Studio Solution File, Format Version 12.00
# Visual Studio Version 16
VisualStudioVersion = 16.0.31729.503
MinimumVisualStudioVersion = 10.0.40219.1
Project("{FAE04EC0-301F-11D3-BF4B-00C04F79EFBC}") = "EVAL_Maquette_Alan", "EVAL_Maquette_Alan\EVAL_Maquette_Alan.csproj", "{C237A716-5F31-4DEA-8B23-A2AD7DC12CF1}"
EndProject
Global
	GlobalSection(SolutionConfigurationPlatforms) = preSolution
		Debug|Any CPU = Debug|Any CPU
		Release|Any CPU = Release|Any CPU
	EndGlobalSection
	GlobalSection(ProjectConfigurationPlatforms) = postSolution
		{C237A716-5F31-4DEA-8B23-A2AD7DC12CF1}.Debug|Any CPU.ActiveCfg = Debug|Any CPU
		{C237A716-5F31-4DEA-8B23-A2AD7DC12CF1}.Debug|Any CPU.Build.0 = Debug|Any CPU
		{C237A716-5F31-4DEA-8B23-A2AD7DC12CF1}.Release|Any CPU.ActiveCfg = Release|Any CPU
		{C237A716-5F31-4DEA-8B23-A2AD7DC12CF1}.Release|Any CPU.Build.0 = Release|Any CPU
	EndGlobalSection
	GlobalSection(SolutionProperties) = preSolution
		HideSolutionNode = FALSE
	EndGlobalSection
	GlobalSection(ExtensibilityGlobals) = postSolution
		SolutionGuid = {25BB5102-8108-4212-86AD-32605FFE0AE3}
	EndGlobalSection
EndGlobal
