
Microsoft Visual Studio Solution File, Format Version 12.00
# Visual Studio Version 16
VisualStudioVersion = 16.0.31729.503
MinimumVisualStudioVersion = 10.0.40219.1
Project("{FAE04EC0-301F-11D3-BF4B-00C04F79EFBC}") = "Exercise 3", "Exercise 3\Exercise 3.csproj", "{70BC6AC8-8E9B-4C82-A014-1EEC1C928167}"
EndProject
Global
	GlobalSection(SolutionConfigurationPlatforms) = preSolution
		Debug|Any CPU = Debug|Any CPU
		Release|Any CPU = Release|Any CPU
	EndGlobalSection
	GlobalSection(ProjectConfigurationPlatforms) = postSolution
		{70BC6AC8-8E9B-4C82-A014-1EEC1C928167}.Debug|Any CPU.ActiveCfg = Debug|Any CPU
		{70BC6AC8-8E9B-4C82-A014-1EEC1C928167}.Debug|Any CPU.Build.0 = Debug|Any CPU
		{70BC6AC8-8E9B-4C82-A014-1EEC1C928167}.Release|Any CPU.ActiveCfg = Release|Any CPU
		{70BC6AC8-8E9B-4C82-A014-1EEC1C928167}.Release|Any CPU.Build.0 = Release|Any CPU
	EndGlobalSection
	GlobalSection(SolutionProperties) = preSolution
		HideSolutionNode = FALSE
	EndGlobalSection
	GlobalSection(ExtensibilityGlobals) = postSolution
		SolutionGuid = {D8931294-7C8C-41A2-B26C-FCD4B3432728}
	EndGlobalSection
EndGlobal
