
Microsoft Visual Studio Solution File, Format Version 12.00
# Visual Studio Version 16
VisualStudioVersion = 16.0.32002.261
MinimumVisualStudioVersion = 10.0.40219.1
Project("{FAE04EC0-301F-11D3-BF4B-00C04F79EFBC}") = "ApiMultiBillet", "ApiMultiBillet\ApiMultiBillet.csproj", "{EFAED3BB-73E9-48FB-8FCF-AF6B4A8DE5CC}"
EndProject
Global
	GlobalSection(SolutionConfigurationPlatforms) = preSolution
		Debug|Any CPU = Debug|Any CPU
		Release|Any CPU = Release|Any CPU
	EndGlobalSection
	GlobalSection(ProjectConfigurationPlatforms) = postSolution
		{EFAED3BB-73E9-48FB-8FCF-AF6B4A8DE5CC}.Debug|Any CPU.ActiveCfg = Debug|Any CPU
		{EFAED3BB-73E9-48FB-8FCF-AF6B4A8DE5CC}.Debug|Any CPU.Build.0 = Debug|Any CPU
		{EFAED3BB-73E9-48FB-8FCF-AF6B4A8DE5CC}.Release|Any CPU.ActiveCfg = Release|Any CPU
		{EFAED3BB-73E9-48FB-8FCF-AF6B4A8DE5CC}.Release|Any CPU.Build.0 = Release|Any CPU
	EndGlobalSection
	GlobalSection(SolutionProperties) = preSolution
		HideSolutionNode = FALSE
	EndGlobalSection
	GlobalSection(ExtensibilityGlobals) = postSolution
		SolutionGuid = {7612F82F-9143-4BF2-A5B6-6F2FC4BF4941}
	EndGlobalSection
EndGlobal
