
Microsoft Visual Studio Solution File, Format Version 12.00
# Visual Studio Version 16
VisualStudioVersion = 16.0.31729.503
MinimumVisualStudioVersion = 10.0.40219.1
Project("{9A19103F-16F7-4668-BE54-9A1E7A4F7556}") = "GestionAnimaux", "GestionAnimaux\GestionAnimaux.csproj", "{8967CB22-6AA8-4784-8CC7-879C46F69A0A}"
EndProject
Global
	GlobalSection(SolutionConfigurationPlatforms) = preSolution
		Debug|Any CPU = Debug|Any CPU
		Release|Any CPU = Release|Any CPU
	EndGlobalSection
	GlobalSection(ProjectConfigurationPlatforms) = postSolution
		{8967CB22-6AA8-4784-8CC7-879C46F69A0A}.Debug|Any CPU.ActiveCfg = Debug|Any CPU
		{8967CB22-6AA8-4784-8CC7-879C46F69A0A}.Debug|Any CPU.Build.0 = Debug|Any CPU
		{8967CB22-6AA8-4784-8CC7-879C46F69A0A}.Release|Any CPU.ActiveCfg = Release|Any CPU
		{8967CB22-6AA8-4784-8CC7-879C46F69A0A}.Release|Any CPU.Build.0 = Release|Any CPU
	EndGlobalSection
	GlobalSection(SolutionProperties) = preSolution
		HideSolutionNode = FALSE
	EndGlobalSection
	GlobalSection(ExtensibilityGlobals) = postSolution
		SolutionGuid = {CE6222E2-948D-4343-AFD3-69A514512ECF}
	EndGlobalSection
EndGlobal
