
Microsoft Visual Studio Solution File, Format Version 12.00
# Visual Studio Version 16
VisualStudioVersion = 16.0.31729.503
MinimumVisualStudioVersion = 10.0.40219.1
Project("{FAE04EC0-301F-11D3-BF4B-00C04F79EFBC}") = "OperationPeche", "OperationPeche\OperationPeche.csproj", "{35127B22-B531-4CBA-AACF-63146797BF9A}"
EndProject
Global
	GlobalSection(SolutionConfigurationPlatforms) = preSolution
		Debug|Any CPU = Debug|Any CPU
		Release|Any CPU = Release|Any CPU
	EndGlobalSection
	GlobalSection(ProjectConfigurationPlatforms) = postSolution
		{35127B22-B531-4CBA-AACF-63146797BF9A}.Debug|Any CPU.ActiveCfg = Debug|Any CPU
		{35127B22-B531-4CBA-AACF-63146797BF9A}.Debug|Any CPU.Build.0 = Debug|Any CPU
		{35127B22-B531-4CBA-AACF-63146797BF9A}.Release|Any CPU.ActiveCfg = Release|Any CPU
		{35127B22-B531-4CBA-AACF-63146797BF9A}.Release|Any CPU.Build.0 = Release|Any CPU
	EndGlobalSection
	GlobalSection(SolutionProperties) = preSolution
		HideSolutionNode = FALSE
	EndGlobalSection
	GlobalSection(ExtensibilityGlobals) = postSolution
		SolutionGuid = {4727E4CF-D7B4-4CD9-9D04-75BBFAEF045B}
	EndGlobalSection
EndGlobal
