
Microsoft Visual Studio Solution File, Format Version 12.00
# Visual Studio Version 16
VisualStudioVersion = 16.0.31729.503
MinimumVisualStudioVersion = 10.0.40219.1
Project("{FAE04EC0-301F-11D3-BF4B-00C04F79EFBC}") = "Appli Math", "Appli Math\Appli Math.csproj", "{B42FF818-E1AF-4516-B08E-374BFAE9331A}"
EndProject
Global
	GlobalSection(SolutionConfigurationPlatforms) = preSolution
		Debug|Any CPU = Debug|Any CPU
		Release|Any CPU = Release|Any CPU
	EndGlobalSection
	GlobalSection(ProjectConfigurationPlatforms) = postSolution
		{B42FF818-E1AF-4516-B08E-374BFAE9331A}.Debug|Any CPU.ActiveCfg = Debug|Any CPU
		{B42FF818-E1AF-4516-B08E-374BFAE9331A}.Debug|Any CPU.Build.0 = Debug|Any CPU
		{B42FF818-E1AF-4516-B08E-374BFAE9331A}.Release|Any CPU.ActiveCfg = Release|Any CPU
		{B42FF818-E1AF-4516-B08E-374BFAE9331A}.Release|Any CPU.Build.0 = Release|Any CPU
	EndGlobalSection
	GlobalSection(SolutionProperties) = preSolution
		HideSolutionNode = FALSE
	EndGlobalSection
	GlobalSection(ExtensibilityGlobals) = postSolution
		SolutionGuid = {79BC6938-8274-42FA-866E-BF139F218742}
	EndGlobalSection
EndGlobal
