
Microsoft Visual Studio Solution File, Format Version 12.00
# Visual Studio Version 16
VisualStudioVersion = 16.0.31729.503
MinimumVisualStudioVersion = 10.0.40219.1
Project("{FAE04EC0-301F-11D3-BF4B-00C04F79EFBC}") = "JeuxVideo", "JeuxVideo\JeuxVideo.csproj", "{463DA22C-4949-4247-921C-3FAC88E83306}"
EndProject
Global
	GlobalSection(SolutionConfigurationPlatforms) = preSolution
		Debug|Any CPU = Debug|Any CPU
		Release|Any CPU = Release|Any CPU
	EndGlobalSection
	GlobalSection(ProjectConfigurationPlatforms) = postSolution
		{463DA22C-4949-4247-921C-3FAC88E83306}.Debug|Any CPU.ActiveCfg = Debug|Any CPU
		{463DA22C-4949-4247-921C-3FAC88E83306}.Debug|Any CPU.Build.0 = Debug|Any CPU
		{463DA22C-4949-4247-921C-3FAC88E83306}.Release|Any CPU.ActiveCfg = Release|Any CPU
		{463DA22C-4949-4247-921C-3FAC88E83306}.Release|Any CPU.Build.0 = Release|Any CPU
	EndGlobalSection
	GlobalSection(SolutionProperties) = preSolution
		HideSolutionNode = FALSE
	EndGlobalSection
	GlobalSection(ExtensibilityGlobals) = postSolution
		SolutionGuid = {A50E7933-22DC-43F0-9EF4-A5947DF177D7}
	EndGlobalSection
EndGlobal
