
Microsoft Visual Studio Solution File, Format Version 12.00
# Visual Studio Version 16
VisualStudioVersion = 16.0.31729.503
MinimumVisualStudioVersion = 10.0.40219.1
Project("{FAE04EC0-301F-11D3-BF4B-00C04F79EFBC}") = "Exercice 4", "Exercice 4\Exercice 4.csproj", "{EB2FCDD7-D4C5-47EB-9D6E-9E2A788F43C5}"
EndProject
Global
	GlobalSection(SolutionConfigurationPlatforms) = preSolution
		Debug|Any CPU = Debug|Any CPU
		Release|Any CPU = Release|Any CPU
	EndGlobalSection
	GlobalSection(ProjectConfigurationPlatforms) = postSolution
		{EB2FCDD7-D4C5-47EB-9D6E-9E2A788F43C5}.Debug|Any CPU.ActiveCfg = Debug|Any CPU
		{EB2FCDD7-D4C5-47EB-9D6E-9E2A788F43C5}.Debug|Any CPU.Build.0 = Debug|Any CPU
		{EB2FCDD7-D4C5-47EB-9D6E-9E2A788F43C5}.Release|Any CPU.ActiveCfg = Release|Any CPU
		{EB2FCDD7-D4C5-47EB-9D6E-9E2A788F43C5}.Release|Any CPU.Build.0 = Release|Any CPU
	EndGlobalSection
	GlobalSection(SolutionProperties) = preSolution
		HideSolutionNode = FALSE
	EndGlobalSection
	GlobalSection(ExtensibilityGlobals) = postSolution
		SolutionGuid = {4B1D60B0-064D-436C-A0A7-C029537776B1}
	EndGlobalSection
EndGlobal
