
Microsoft Visual Studio Solution File, Format Version 12.00
# Visual Studio Version 16
VisualStudioVersion = 16.0.31729.503
MinimumVisualStudioVersion = 10.0.40219.1
Project("{FAE04EC0-301F-11D3-BF4B-00C04F79EFBC}") = "TestApi", "TestApi\TestApi.csproj", "{A1360F79-BBB5-4AD5-B47A-46B07DBA1105}"
EndProject
Global
	GlobalSection(SolutionConfigurationPlatforms) = preSolution
		Debug|Any CPU = Debug|Any CPU
		Release|Any CPU = Release|Any CPU
	EndGlobalSection
	GlobalSection(ProjectConfigurationPlatforms) = postSolution
		{A1360F79-BBB5-4AD5-B47A-46B07DBA1105}.Debug|Any CPU.ActiveCfg = Debug|Any CPU
		{A1360F79-BBB5-4AD5-B47A-46B07DBA1105}.Debug|Any CPU.Build.0 = Debug|Any CPU
		{A1360F79-BBB5-4AD5-B47A-46B07DBA1105}.Release|Any CPU.ActiveCfg = Release|Any CPU
		{A1360F79-BBB5-4AD5-B47A-46B07DBA1105}.Release|Any CPU.Build.0 = Release|Any CPU
	EndGlobalSection
	GlobalSection(SolutionProperties) = preSolution
		HideSolutionNode = FALSE
	EndGlobalSection
	GlobalSection(ExtensibilityGlobals) = postSolution
		SolutionGuid = {F51AE69A-71DE-4453-A9D5-6646A80064EB}
	EndGlobalSection
EndGlobal
