
Microsoft Visual Studio Solution File, Format Version 12.00
# Visual Studio Version 16
VisualStudioVersion = 16.0.31729.503
MinimumVisualStudioVersion = 10.0.40219.1
Project("{FAE04EC0-301F-11D3-BF4B-00C04F79EFBC}") = "identification_Nom_dateNaissance", "identification_Nom_dateNaissance\identification_Nom_dateNaissance.csproj", "{85A810F6-4C9B-4675-BD8E-22FFF285029D}"
EndProject
Global
	GlobalSection(SolutionConfigurationPlatforms) = preSolution
		Debug|Any CPU = Debug|Any CPU
		Release|Any CPU = Release|Any CPU
	EndGlobalSection
	GlobalSection(ProjectConfigurationPlatforms) = postSolution
		{85A810F6-4C9B-4675-BD8E-22FFF285029D}.Debug|Any CPU.ActiveCfg = Debug|Any CPU
		{85A810F6-4C9B-4675-BD8E-22FFF285029D}.Debug|Any CPU.Build.0 = Debug|Any CPU
		{85A810F6-4C9B-4675-BD8E-22FFF285029D}.Release|Any CPU.ActiveCfg = Release|Any CPU
		{85A810F6-4C9B-4675-BD8E-22FFF285029D}.Release|Any CPU.Build.0 = Release|Any CPU
	EndGlobalSection
	GlobalSection(SolutionProperties) = preSolution
		HideSolutionNode = FALSE
	EndGlobalSection
	GlobalSection(ExtensibilityGlobals) = postSolution
		SolutionGuid = {9BA86C72-CA8B-4BC6-AE19-2AE5C5DB8DEA}
	EndGlobalSection
EndGlobal
